# THIS IS AN AUTOGENERATED FILE. DO NOT EDIT THIS FILE DIRECTLY.
# yarn lockfile v1


normalize-strings@^1.1.0:
  version "1.1.0"
  resolved "https://registry.yarnpkg.com/normalize-strings/-/normalize-strings-1.1.0.tgz#b24a75ed48176394404f74649b5cb8040e899a75"

pluralize@^8.0.0:
  version "8.0.0"
  resolved "https://registry.yarnpkg.com/pluralize/-/pluralize-8.0.0.tgz#1a6fa16a38d12a1901e0320fa017051c539ce3b1"
  integrity sha512-Nc3IT5yHzflTfbjgqWcCPpo7DaKy4FnpB0l/zCAW0Tc7jxAiuqSxHasntB3D7887LSrA93kDJ9IXovxJYxyLCA==

syllable@^4.0.0:
  version "4.0.0"
  resolved "https://registry.yarnpkg.com/syllable/-/syllable-4.0.0.tgz#a050699649944c4c7561b816ce5b441274fa477c"
  integrity sha512-UGVLrTs1usXGsCSO2HFyoi7tWjHPGjDb4NFHl5MZB8c9edZA5Zd3JBgz58vWsajnSgc5tTHK06UYkc1drwUz+A==
  dependencies:
    normalize-strings "^1.1.0"
    pluralize "^8.0.0"
