# THIS IS AN AUTOGENERATED FILE. DO NOT EDIT THIS FILE DIRECTLY.
# yarn lockfile v1


brill@^1.0.2:
  version "1.0.2"
  resolved "https://registry.yarnpkg.com/brill/-/brill-1.0.2.tgz#880eb166ab73145d47bfac1ee828b38754ba0055"

normalize-strings@^1.1.0:
  version "1.1.0"
  resolved "https://registry.yarnpkg.com/normalize-strings/-/normalize-strings-1.1.0.tgz#b24a75ed48176394404f74649b5cb8040e899a75"

pluralize@^7.0.0:
  version "7.0.0"
  resolved "https://registry.yarnpkg.com/pluralize/-/pluralize-7.0.0.tgz#298b89df8b93b0221dbf421ad2b1b1ea23fc6777"

syllable@^3.1.0:
  version "3.1.0"
  resolved "https://registry.yarnpkg.com/syllable/-/syllable-3.1.0.tgz#ddf23fdfa2b0df2b832fba1da63e51d8a00a9535"
  dependencies:
    normalize-strings "^1.1.0"
    pluralize "^7.0.0"
    trim "0.0.1"

trim@0.0.1:
  version "0.0.1"
  resolved "https://registry.yarnpkg.com/trim/-/trim-0.0.1.tgz#5858547f6b290757ee95cccc666fb50084c460dd"
